dependencies:
- name: ui
  repository: file://../ui
  version: 1.0.0
- name: post
  repository: file://../post
  version: 1.0.0
- name: comment
  repository: file://../comment
  version: 1.0.0
- name: mongodb
  repository: https://charts.bitnami.com/bitnami
  version: 13.9.1
digest: sha256:ae83163177e07aea011c2d0aa65008104b2684cc23271cb389b37d16194e057b
generated: "2023-03-15T19:18:40.747971039+03:00"
